# This is a generated file. It should be
# checked into source control. Do not edit
# this file by hand.
#
# You can safely update this lock by deleting this file and re-building.
#
# (Generated by styx)
versionSet=live
eventId=6351914535
platforms.AL2023_aarch64=AL2023_aarch64
platforms.AL2023_x86_64=AL2023_x86_64
platforms.AL2_aarch64=AL2_aarch64
platforms.AL2_x86_64=AL2_x86_64

BrassServicePythonClient-1.0
CoralAvailabilityPythonTypes-1.0
CoralAwsAuthenticationPythonTypes-1.0
CoralOrchestratorPythonTypes-1.0
CoralPythonClient-2.2
CoralPythonClientDependencies-2.2
CoralPythonConstraints-1.0
CoralPythonTypesBase-1.0
CoralServicePythonTypes-1.0
CoralTransmutePythonTypes-1.0
CoralValidateModelPython-1.0
OdinLocalPythonInterface-1.2
PyAmazonCACerts-1.0
PythonCoralConfig-1.0
RequestsBetterSSL-1.0